
Microsoft Visual Studio Solution File, Format Version 12.00
# Visual Studio Version 17
VisualStudioVersion = 17.5.33414.496
MinimumVisualStudioVersion = 10.0.40219.1
Project("{FAE04EC0-301F-11D3-BF4B-00C04F79EFBC}") = "app12", "app12\app12.csproj", "{99884AB0-90A4-46E2-9EAC-EE57249E830B}"
EndProject
Global
	GlobalSection(SolutionConfigurationPlatforms) = preSolution
		Debug|Any CPU = Debug|Any CPU
		Release|Any CPU = Release|Any CPU
	EndGlobalSection
	GlobalSection(ProjectConfigurationPlatforms) = postSolution
		{99884AB0-90A4-46E2-9EAC-EE57249E830B}.Debug|Any CPU.ActiveCfg = Debug|Any CPU
		{99884AB0-90A4-46E2-9EAC-EE57249E830B}.Debug|Any CPU.Build.0 = Debug|Any CPU
		{99884AB0-90A4-46E2-9EAC-EE57249E830B}.Release|Any CPU.ActiveCfg = Release|Any CPU
		{99884AB0-90A4-46E2-9EAC-EE57249E830B}.Release|Any CPU.Build.0 = Release|Any CPU
	EndGlobalSection
	GlobalSection(SolutionProperties) = preSolution
		HideSolutionNode = FALSE
	EndGlobalSection
	GlobalSection(ExtensibilityGlobals) = postSolution
		SolutionGuid = {3578E33C-0DED-4099-A1AE-F2FE0513CD25}
	EndGlobalSection
EndGlobal
